
Microsoft Visual Studio Solution File, Format Version 12.00
# Visual Studio 15
VisualStudioVersion = 15.0.26730.12
MinimumVisualStudioVersion = 10.0.40219.1
Project("{FAE04EC0-301F-11D3-BF4B-00C04F79EFBC}") = "Viceroy_Discord_Bot", "Viceroy_Discord_Bot\Viceroy_Discord_Bot.csproj", "{909B24C7-0AEB-420F-8FB5-FE586F66F215}"
EndProject
Global
	GlobalSection(SolutionConfigurationPlatforms) = preSolution
		Debug|Any CPU = Debug|Any CPU
		Release|Any CPU = Release|Any CPU
	EndGlobalSection
	GlobalSection(ProjectConfigurationPlatforms) = postSolution
		{909B24C7-0AEB-420F-8FB5-FE586F66F215}.Debug|Any CPU.ActiveCfg = Debug|Any CPU
		{909B24C7-0AEB-420F-8FB5-FE586F66F215}.Debug|Any CPU.Build.0 = Debug|Any CPU
		{909B24C7-0AEB-420F-8FB5-FE586F66F215}.Release|Any CPU.ActiveCfg = Release|Any CPU
		{909B24C7-0AEB-420F-8FB5-FE586F66F215}.Release|Any CPU.Build.0 = Release|Any CPU
	EndGlobalSection
	GlobalSection(SolutionProperties) = preSolution
		HideSolutionNode = FALSE
	EndGlobalSection
	GlobalSection(ExtensibilityGlobals) = postSolution
		SolutionGuid = {0D7EE071-D7D4-450E-A814-FC36D625CEB9}
	EndGlobalSection
EndGlobal
